// !$*UTF8*$!
{
	archiveVersion = 1;
	classes = {
	};
	objectVersion = 77;
	objects = {

/* Begin PBXContainerItemProxy section */
		585AC3932F42596B0096DD2D /* PBXContainerItemProxy */ = {
			isa = PBXContainerItemProxy;
			containerPortal = 585AC37B2F42596A0096DD2D /* Project object */;
			proxyType = 1;
			remoteGlobalIDString = 585AC3822F42596A0096DD2D;
			remoteInfo = storethis;
		};
		585AC39D2F42596B0096DD2D /* PBXContainerItemProxy */ = {
			isa = PBXContainerItemProxy;
			containerPortal = 585AC37B2F42596A0096DD2D /* Project object */;
			proxyType = 1;
			remoteGlobalIDString = 585AC3822F42596A0096DD2D;
			remoteInfo = storethis;
		};
/* End PBXContainerItemProxy section */

/* Begin PBXFileReference section */
		585AC3832F42596A0096DD2D /* storethis.app */ = {isa = PBXFileReference; explicitFileType = wrapper.application; includeInIndex = 0; path = storethis.app; sourceTree = BUILT_PRODUCTS_DIR; };
		585AC3922F42596B0096DD2D /* storethisTests.xctest */ = {isa = PBXFileReference; explicitFileType = wrapper.cfbundle; includeInIndex = 0; path = storethisTests.xctest; sourceTree = BUILT_PRODUCTS_DIR; };
		585AC39C2F42596B0096DD2D /* storethisUITests.xctest */ = {isa = PBXFileReference; explicitFileType = wrapper.cfbundle; includeInIndex = 0; path = storethisUITests.xctest; sourceTree = BUILT_PRODUCTS_DIR; };
/* End PBXFileReference section */

/* Begin PBXFileSystemSynchronizedRootGroup section */
		585AC3852F42596A0096DD2D /* storethis */ = {
			isa = PBXFileSystemSynchronizedRootGroup;
			path = storethis;
			sourceTree = "<group>";
		};
		585AC3952F42596B0096DD2D /* storethisTests */ = {
			isa = PBXFileSystemSynchronizedRootGroup;
			path = storethisTests;
			sourceTree = "<group>";
		};
		585AC39F2F42596B0096DD2D /* storethisUITests */ = {
			isa = PBXFileSystemSynchronizedRootGroup;
			path = storethisUITests;
			sourceTree = "<group>";
		};
/* End PBXFileSystemSynchronizedRootGroup section */

/* Begin PBXFrameworksBuildPhase section */
		585AC3802F42596A0096DD2D /* Frameworks */ = {
			isa = PBXFrameworksBuildPhase;
			buildActionMask = 2147483647;
			files = (
			);
			runOnlyForDeploymentPostprocessing = 0;
		};
		585AC38F2F42596B0096DD2D /* Frameworks */ = {
			isa = PBXFrameworksBuildPhase;
			buildActionMask = 2147483647;
			files = (
			);
			runOnlyForDeploymentPostprocessing = 0;
		};
		585AC3992F42596B0096DD2D /* Frameworks */ = {
			isa = PBXFrameworksBuildPhase;
			buildActionMask = 2147483647;
			files = (
			);
			runOnlyForDeploymentPostprocessing = 0;
		};
/* End PBXFrameworksBuildPhase section */

/* Begin PBXGroup section */
		585AC37A2F42596A0096DD2D = {
			isa = PBXGroup;
			children = (
				585AC3852F42596A0096DD2D /* storethis */,
				585AC3952F42596B0096DD2D /* storethisTests */,
				585AC39F2F42596B0096DD2D /* storethisUITests */,
				585AC3842F42596A0096DD2D /* Products */,
			);
			sourceTree = "<group>";
		};
		585AC3842F42596A0096DD2D /* Products */ = {
			isa = PBXGroup;
			children = (
				585AC3832F42596A0096DD2D /* storethis.app */,
				585AC3922F42596B0096DD2D /* storethisTests.xctest */,
				585AC39C2F42596B0096DD2D /* storethisUITests.xctest */,
			);
			name = Products;
			sourceTree = "<group>";
		};
/* End PBXGroup section */

/* Begin PBXNativeTarget section */
		585AC3822F42596A0096DD2D /* storethis */ = {
			isa = PBXNativeTarget;
			buildConfigurationList = 585AC3A62F42596B0096DD2D /* Build configuration list for PBXNativeTarget "storethis" */;
			buildPhases = (
				585AC37F2F42596A0096DD2D /* Sources */,
				585AC3802F42596A0096DD2D /* Frameworks */,
				585AC3812F42596A0096DD2D /* Resources */,
			);
			buildRules = (
			);
			dependencies = (
			);
			fileSystemSynchronizedGroups = (
				585AC3852F42596A0096DD2D /* storethis */,
			);
			name = storethis;
			packageProductDependencies = (
			);
			productName = storethis;
			productReference = 585AC3832F42596A0096DD2D /* storethis.app */;
			productType = "com.apple.product-type.application";
		};
		585AC3912F42596B0096DD2D /* storethisTests */ = {
			isa = PBXNativeTarget;
			buildConfigurationList = 585AC3A92F42596B0096DD2D /* Build configuration list for PBXNativeTarget "storethisTests" */;
			buildPhases = (
				585AC38E2F42596B0096DD2D /* Sources */,
				585AC38F2F42596B0096DD2D /* Frameworks */,
				585AC3902F42596B0096DD2D /* Resources */,
			);
			buildRules = (
			);
			dependencies = (
				585AC3942F42596B0096DD2D /* PBXTargetDependency */,
			);
			fileSystemSynchronizedGroups = (
				585AC3952F42596B0096DD2D /* storethisTests */,
			);
			name = storethisTests;
			packageProductDependencies = (
			);
			productName = storethisTests;
			productReference = 585AC3922F42596B0096DD2D /* storethisTests.xctest */;
			productType = "com.apple.product-type.bundle.unit-test";
		};
		585AC39B2F42596B0096DD2D /* storethisUITests */ = {
			isa = PBXNativeTarget;
			buildConfigurationList = 585AC3AC2F42596B0096DD2D /* Build configuration list for PBXNativeTarget "storethisUITests" */;
			buildPhases = (
				585AC3982F42596B0096DD2D /* Sources */,
				585AC3992F42596B0096DD2D /* Frameworks */,
				585AC39A2F42596B0096DD2D /* Resources */,
			);
			buildRules = (
			);
			dependencies = (
				585AC39E2F42596B0096DD2D /* PBXTargetDependency */,
			);
			fileSystemSynchronizedGroups = (
				585AC39F2F42596B0096DD2D /* storethisUITests */,
			);
			name = storethisUITests;
			packageProductDependencies = (
			);
			productName = storethisUITests;
			productReference = 585AC39C2F42596B0096DD2D /* storethisUITests.xctest */;
			productType = "com.apple.product-type.bundle.ui-testing";
		};
/* End PBXNativeTarget section */

/* Begin PBXProject section */
		585AC37B2F42596A0096DD2D /* Project object */ = {
			isa = PBXProject;
			attributes = {
				BuildIndependentTargetsInParallel = 1;
				LastSwiftUpdateCheck = 2620;
				LastUpgradeCheck = 2620;
				TargetAttributes = {
					585AC3822F42596A0096DD2D = {
						CreatedOnToolsVersion = 26.2;
					};
					585AC3912F42596B0096DD2D = {
						CreatedOnToolsVersion = 26.2;
						TestTargetID = 585AC3822F42596A0096DD2D;
					};
					585AC39B2F42596B0096DD2D = {
						CreatedOnToolsVersion = 26.2;
						TestTargetID = 585AC3822F42596A0096DD2D;
					};
				};
			};
			buildConfigurationList = 585AC37E2F42596A0096DD2D /* Build configuration list for PBXProject "storethis" */;
			developmentRegion = en;
			hasScannedForEncodings = 0;
			knownRegions = (
				en,
				es,
				fr,
				Base,
			);
			mainGroup = 585AC37A2F42596A0096DD2D;
			minimizedProjectReferenceProxies = 1;
			preferredProjectObjectVersion = 77;
			productRefGroup = 585AC3842F42596A0096DD2D /* Products */;
			projectDirPath = "";
			projectRoot = "";
			targets = (
				585AC3822F42596A0096DD2D /* storethis */,
				585AC3912F42596B0096DD2D /* storethisTests */,
				585AC39B2F42596B0096DD2D /* storethisUITests */,
			);
		};
/* End PBXProject section */

/* Begin PBXResourcesBuildPhase section */
		585AC3812F42596A0096DD2D /* Resources */ = {
			isa = PBXResourcesBuildPhase;
			buildActionMask = 2147483647;
			files = (
			);
			runOnlyForDeploymentPostprocessing = 0;
		};
		585AC3902F42596B0096DD2D /* Resources */ = {
			isa = PBXResourcesBuildPhase;
			buildActionMask = 2147483647;
			files = (
			);
			runOnlyForDeploymentPostprocessing = 0;
		};
		585AC39A2F42596B0096DD2D /* Resources */ = {
			isa = PBXResourcesBuildPhase;
			buildActionMask = 2147483647;
			files = (
			);
			runOnlyForDeploymentPostprocessing = 0;
		};
/* End PBXResourcesBuildPhase section */

/* Begin PBXSourcesBuildPhase section */
		585AC37F2F42596A0096DD2D /* Sources */ = {
			isa = PBXSourcesBuildPhase;
			buildActionMask = 2147483647;
			files = (
			);
			runOnlyForDeploymentPostprocessing = 0;
		};
		585AC38E2F42596B0096DD2D /* Sources */ = {
			isa = PBXSourcesBuildPhase;
			buildActionMask = 2147483647;
			files = (
			);
			runOnlyForDeploymentPostprocessing = 0;
		};
		585AC3982F42596B0096DD2D /* Sources */ = {
			isa = PBXSourcesBuildPhase;
			buildActionMask = 2147483647;
			files = (
			);
			runOnlyForDeploymentPostprocessing = 0;
		};
/* End PBXSourcesBuildPhase section */

/* Begin PBXTargetDependency section */
		585AC3942F42596B0096DD2D /* PBXTargetDependency */ = {
			isa = PBXTargetDependency;
			target = 585AC3822F42596A0096DD2D /* storethis */;
			targetProxy = 585AC3932F42596B0096DD2D /* PBXContainerItemProxy */;
		};
		585AC39E2F42596B0096DD2D /* PBXTargetDependency */ = {
			isa = PBXTargetDependency;
			target = 585AC3822F42596A0096DD2D /* storethis */;
			targetProxy = 585AC39D2F42596B0096DD2D /* PBXContainerItemProxy */;
		};
/* End PBXTargetDependency section */

/* Begin XCBuildConfiguration section */
		585AC3A42F42596B0096DD2D /* Debug */ = {
			isa = XCBuildConfiguration;
			buildSettings = {
				ALWAYS_SEARCH_USER_PATHS = NO;
				ASSETCATALOG_COMPILER_GENERATE_SWIFT_ASSET_SYMBOL_EXTENSIONS = YES;
				CLANG_ANALYZER_NONNULL = YES;
				CLANG_ANALYZER_NUMBER_OBJECT_CONVERSION = YES_AGGRESSIVE;
				CLANG_CXX_LANGUAGE_STANDARD = "gnu++20";
				CLANG_ENABLE_MODULES = YES;
				CLANG_ENABLE_OBJC_ARC = YES;
				CLANG_ENABLE_OBJC_WEAK = YES;
				CLANG_WARN_BLOCK_CAPTURE_AUTORELEASING = YES;
				CLANG_WARN_BOOL_CONVERSION = YES;
				CLANG_WARN_COMMA = YES;
				CLANG_WARN_CONSTANT_CONVERSION = YES;
				CLANG_WARN_DEPRECATED_OBJC_IMPLEMENTATIONS = YES;
				CLANG_WARN_DIRECT_OBJC_ISA_USAGE = YES_ERROR;
				CLANG_WARN_DOCUMENTATION_COMMENTS = YES;
				CLANG_WARN_EMPTY_BODY = YES;
				CLANG_WARN_ENUM_CONVERSION = YES;
				CLANG_WARN_INFINITE_RECURSION = YES;
				CLANG_WARN_INT_CONVERSION = YES;
				CLANG_WARN_NON_LITERAL_NULL_CONVERSION = YES;
				CLANG_WARN_OBJC_IMPLICIT_RETAIN_SELF = YES;
				CLANG_WARN_OBJC_LITERAL_CONVERSION = YES;
				CLANG_WARN_OBJC_ROOT_CLASS = YES_ERROR;
				CLANG_WARN_QUOTED_INCLUDE_IN_FRAMEWORK_HEADER = YES;
				CLANG_WARN_RANGE_LOOP_ANALYSIS = YES;
				CLANG_WARN_STRICT_PROTOTYPES = YES;
				CLANG_WARN_SUSPICIOUS_MOVE = YES;
				CLANG_WARN_UNGUARDED_AVAILABILITY = YES_AGGRESSIVE;
				CLANG_WARN_UNREACHABLE_CODE = YES;
				CLANG_WARN__DUPLICATE_METHOD_MATCH = YES;
				COPY_PHASE_STRIP = NO;
				DEBUG_INFORMATION_FORMAT = dwarf;
				ENABLE_STRICT_OBJC_MSGSEND = YES;
				ENABLE_TESTABILITY = YES;
				ENABLE_USER_SCRIPT_SANDBOXING = YES;
				GCC_C_LANGUAGE_STANDARD = gnu17;
				GCC_DYNAMIC_NO_PIC = NO;
				GCC_NO_COMMON_BLOCKS = YES;
				GCC_OPTIMIZATION_LEVEL = 0;
				GCC_PREPROCESSOR_DEFINITIONS = (
					"DEBUG=1",
					"$(inherited)",
				);
				GCC_WARN_64_TO_32_BIT_CONVERSION = YES;
				GCC_WARN_ABOUT_RETURN_TYPE = YES_ERROR;
				GCC_WARN_UNDECLARED_SELECTOR = YES;
				GCC_WARN_UNINITIALIZED_AUTOS = YES_AGGRESSIVE;
				GCC_WARN_UNUSED_FUNCTION = YES;
				GCC_WARN_UNUSED_VARIABLE = YES;
				LOCALIZATION_PREFERS_STRING_CATALOGS = YES;
				MTL_ENABLE_DEBUG_INFO = INCLUDE_SOURCE;
				MTL_FAST_MATH = YES;
				ONLY_ACTIVE_ARCH = YES;
				SWIFT_ACTIVE_COMPILATION_CONDITIONS = "DEBUG $(inherited)";
				SWIFT_OPTIMIZATION_LEVEL = "-Onone";
			};
			name = Debug;
		};
		585AC3A52F42596B0096DD2D /* Release */ = {
			isa = XCBuildConfiguration;
			buildSettings = {
				ALWAYS_SEARCH_USER_PATHS = NO;
				ASSETCATALOG_COMPILER_GENERATE_SWIFT_ASSET_SYMBOL_EXTENSIONS = YES;
				CLANG_ANALYZER_NONNULL = YES;
				CLANG_ANALYZER_NUMBER_OBJECT_CONVERSION = YES_AGGRESSIVE;
				CLANG_CXX_LANGUAGE_STANDARD = "gnu++20";
				CLANG_ENABLE_MODULES = YES;
				CLANG_ENABLE_OBJC_ARC = YES;
				CLANG_ENABLE_OBJC_WEAK = YES;
				CLANG_WARN_BLOCK_CAPTURE_AUTORELEASING = YES;
				CLANG_WARN_BOOL_CONVERSION = YES;
				CLANG_WARN_COMMA = YES;
				CLANG_WARN_CONSTANT_CONVERSION = YES;
				CLANG_WARN_DEPRECATED_OBJC_IMPLEMENTATIONS = YES;
				CLANG_WARN_DIRECT_OBJC_ISA_USAGE = YES_ERROR;
				CLANG_WARN_DOCUMENTATION_COMMENTS = YES;
				CLANG_WARN_EMPTY_BODY = YES;
				CLANG_WARN_ENUM_CONVERSION = YES;
				CLANG_WARN_INFINITE_RECURSION = YES;
				CLANG_WARN_INT_CONVERSION = YES;
				CLANG_WARN_NON_LITERAL_NULL_CONVERSION = YES;
				CLANG_WARN_OBJC_IMPLICIT_RETAIN_SELF = YES;
				CLANG_WARN_OBJC_LITERAL_CONVERSION = YES;
				CLANG_WARN_OBJC_ROOT_CLASS = YES_ERROR;
				CLANG_WARN_QUOTED_INCLUDE_IN_FRAMEWORK_HEADER = YES;
				CLANG_WARN_RANGE_LOOP_ANALYSIS = YES;
				CLANG_WARN_STRICT_PROTOTYPES = YES;
				CLANG_WARN_SUSPICIOUS_MOVE = YES;
				CLANG_WARN_UNGUARDED_AVAILABILITY = YES_AGGRESSIVE;
				CLANG_WARN_UNREACHABLE_CODE = YES;
				CLANG_WARN__DUPLICATE_METHOD_MATCH = YES;
				COPY_PHASE_STRIP = NO;
				DEBUG_INFORMATION_FORMAT = "dwarf-with-dsym";
				ENABLE_NS_ASSERTIONS = NO;
				ENABLE_STRICT_OBJC_MSGSEND = YES;
				ENABLE_USER_SCRIPT_SANDBOXING = YES;
				GCC_C_LANGUAGE_STANDARD = gnu17;
				GCC_NO_COMMON_BLOCKS = YES;
				GCC_WARN_64_TO_32_BIT_CONVERSION = YES;
				GCC_WARN_ABOUT_RETURN_TYPE = YES_ERROR;
				GCC_WARN_UNDECLARED_SELECTOR = YES;
				GCC_WARN_UNINITIALIZED_AUTOS = YES_AGGRESSIVE;
				GCC_WARN_UNUSED_FUNCTION = YES;
				GCC_WARN_UNUSED_VARIABLE = YES;
				LOCALIZATION_PREFERS_STRING_CATALOGS = YES;
				MTL_ENABLE_DEBUG_INFO = NO;
				MTL_FAST_MATH = YES;
				SWIFT_COMPILATION_MODE = wholemodule;
			};
			name = Release;
		};
		585AC3A72F42596B0096DD2D /* Debug */ = {
			isa = XCBuildConfiguration;
			buildSettings = {
				ASSETCATALOG_COMPILER_APPICON_NAME = AppIcon;
				ASSETCATALOG_COMPILER_GLOBAL_ACCENT_COLOR_NAME = AccentColor;
				CODE_SIGN_ENTITLEMENTS = storethis/storethis.entitlements;
				CODE_SIGN_STYLE = Automatic;
				CURRENT_PROJECT_VERSION = 1;
				ENABLE_APP_SANDBOX = YES;
				ENABLE_NETWORK_CLIENT = YES;
				ENABLE_PREVIEWS = YES;
				ENABLE_USER_SELECTED_FILES = readonly;
				GENERATE_INFOPLIST_FILE = YES;
				INFOPLIST_KEY_LSUIElement = YES;
				LD_RUNPATH_SEARCH_PATHS = "@executable_path/../Frameworks";
				MACOSX_DEPLOYMENT_TARGET = 26.2;
				MARKETING_VERSION = 1.0;
				PRODUCT_BUNDLE_IDENTIFIER = com.amm.storethis;
				PRODUCT_NAME = "$(TARGET_NAME)";
				REGISTER_APP_GROUPS = YES;
				SDKROOT = macosx;
				STRING_CATALOG_GENERATE_SYMBOLS = YES;
				SUPPORTED_PLATFORMS = macosx;
				SWIFT_APPROACHABLE_CONCURRENCY = YES;
				SWIFT_DEFAULT_ACTOR_ISOLATION = MainActor;
				SWIFT_EMIT_LOC_STRINGS = YES;
				SWIFT_UPCOMING_FEATURE_MEMBER_IMPORT_VISIBILITY = YES;
				SWIFT_VERSION = 5.0;
			};
			name = Debug;
		};
		585AC3A82F42596B0096DD2D /* Release */ = {
			isa = XCBuildConfiguration;
			buildSettings = {
				ASSETCATALOG_COMPILER_APPICON_NAME = AppIcon;
				ASSETCATALOG_COMPILER_GLOBAL_ACCENT_COLOR_NAME = AccentColor;
				CODE_SIGN_ENTITLEMENTS = storethis/storethis.entitlements;
				CODE_SIGN_STYLE = Automatic;
				CURRENT_PROJECT_VERSION = 1;
				ENABLE_APP_SANDBOX = YES;
				ENABLE_NETWORK_CLIENT = YES;
				ENABLE_PREVIEWS = YES;
				ENABLE_USER_SELECTED_FILES = readonly;
				GENERATE_INFOPLIST_FILE = YES;
				INFOPLIST_KEY_LSUIElement = YES;
				LD_RUNPATH_SEARCH_PATHS = "@executable_path/../Frameworks";
				MACOSX_DEPLOYMENT_TARGET = 26.2;
				MARKETING_VERSION = 1.0;
				PRODUCT_BUNDLE_IDENTIFIER = com.amm.storethis;
				PRODUCT_NAME = "$(TARGET_NAME)";
				REGISTER_APP_GROUPS = YES;
				SDKROOT = macosx;
				STRING_CATALOG_GENERATE_SYMBOLS = YES;
				SUPPORTED_PLATFORMS = macosx;
				SWIFT_APPROACHABLE_CONCURRENCY = YES;
				SWIFT_DEFAULT_ACTOR_ISOLATION = MainActor;
				SWIFT_EMIT_LOC_STRINGS = YES;
				SWIFT_UPCOMING_FEATURE_MEMBER_IMPORT_VISIBILITY = YES;
				SWIFT_VERSION = 5.0;
			};
			name = Release;
		};
		585AC3AA2F42596B0096DD2D /* Debug */ = {
			isa = XCBuildConfiguration;
			buildSettings = {
				BUNDLE_LOADER = "$(TEST_HOST)";
				CODE_SIGN_STYLE = Automatic;
				CURRENT_PROJECT_VERSION = 1;
				GENERATE_INFOPLIST_FILE = YES;
				MACOSX_DEPLOYMENT_TARGET = 26.2;
				MARKETING_VERSION = 1.0;
				PRODUCT_BUNDLE_IDENTIFIER = com.amm.storethisTests;
				PRODUCT_NAME = "$(TARGET_NAME)";
				SDKROOT = macosx;
				STRING_CATALOG_GENERATE_SYMBOLS = NO;
				SUPPORTED_PLATFORMS = macosx;
				SWIFT_APPROACHABLE_CONCURRENCY = YES;
				SWIFT_EMIT_LOC_STRINGS = NO;
				SWIFT_UPCOMING_FEATURE_MEMBER_IMPORT_VISIBILITY = YES;
				SWIFT_VERSION = 5.0;
				TEST_HOST = "$(BUILT_PRODUCTS_DIR)/storethis.app/$(BUNDLE_EXECUTABLE_FOLDER_PATH)/storethis";
			};
			name = Debug;
		};
		585AC3AB2F42596B0096DD2D /* Release */ = {
			isa = XCBuildConfiguration;
			buildSettings = {
				BUNDLE_LOADER = "$(TEST_HOST)";
				CODE_SIGN_STYLE = Automatic;
				CURRENT_PROJECT_VERSION = 1;
				GENERATE_INFOPLIST_FILE = YES;
				MACOSX_DEPLOYMENT_TARGET = 26.2;
				MARKETING_VERSION = 1.0;
				PRODUCT_BUNDLE_IDENTIFIER = com.amm.storethisTests;
				PRODUCT_NAME = "$(TARGET_NAME)";
				SDKROOT = macosx;
				STRING_CATALOG_GENERATE_SYMBOLS = NO;
				SUPPORTED_PLATFORMS = macosx;
				SWIFT_APPROACHABLE_CONCURRENCY = YES;
				SWIFT_EMIT_LOC_STRINGS = NO;
				SWIFT_UPCOMING_FEATURE_MEMBER_IMPORT_VISIBILITY = YES;
				SWIFT_VERSION = 5.0;
				TEST_HOST = "$(BUILT_PRODUCTS_DIR)/storethis.app/$(BUNDLE_EXECUTABLE_FOLDER_PATH)/storethis";
			};
			name = Release;
		};
		585AC3AD2F42596B0096DD2D /* Debug */ = {
			isa = XCBuildConfiguration;
			buildSettings = {
				CODE_SIGN_STYLE = Automatic;
				CURRENT_PROJECT_VERSION = 1;
				GENERATE_INFOPLIST_FILE = YES;
				MACOSX_DEPLOYMENT_TARGET = 26.2;
				MARKETING_VERSION = 1.0;
				PRODUCT_BUNDLE_IDENTIFIER = com.amm.storethisUITests;
				PRODUCT_NAME = "$(TARGET_NAME)";
				SDKROOT = macosx;
				STRING_CATALOG_GENERATE_SYMBOLS = NO;
				SUPPORTED_PLATFORMS = macosx;
				SWIFT_APPROACHABLE_CONCURRENCY = YES;
				SWIFT_EMIT_LOC_STRINGS = NO;
				SWIFT_UPCOMING_FEATURE_MEMBER_IMPORT_VISIBILITY = YES;
				SWIFT_VERSION = 5.0;
				TEST_TARGET_NAME = storethis;
			};
			name = Debug;
		};
		585AC3AE2F42596B0096DD2D /* Release */ = {
			isa = XCBuildConfiguration;
			buildSettings = {
				CODE_SIGN_STYLE = Automatic;
				CURRENT_PROJECT_VERSION = 1;
				GENERATE_INFOPLIST_FILE = YES;
				MACOSX_DEPLOYMENT_TARGET = 26.2;
				MARKETING_VERSION = 1.0;
				PRODUCT_BUNDLE_IDENTIFIER = com.amm.storethisUITests;
				PRODUCT_NAME = "$(TARGET_NAME)";
				SDKROOT = macosx;
				STRING_CATALOG_GENERATE_SYMBOLS = NO;
				SUPPORTED_PLATFORMS = macosx;
				SWIFT_APPROACHABLE_CONCURRENCY = YES;
				SWIFT_EMIT_LOC_STRINGS = NO;
				SWIFT_UPCOMING_FEATURE_MEMBER_IMPORT_VISIBILITY = YES;
				SWIFT_VERSION = 5.0;
				TEST_TARGET_NAME = storethis;
			};
			name = Release;
		};
/* End XCBuildConfiguration section */

/* Begin XCConfigurationList section */
		585AC37E2F42596A0096DD2D /* Build configuration list for PBXProject "storethis" */ = {
			isa = XCConfigurationList;
			buildConfigurations = (
				585AC3A42F42596B0096DD2D /* Debug */,
				585AC3A52F42596B0096DD2D /* Release */,
			);
			defaultConfigurationIsVisible = 0;
			defaultConfigurationName = Release;
		};
		585AC3A62F42596B0096DD2D /* Build configuration list for PBXNativeTarget "storethis" */ = {
			isa = XCConfigurationList;
			buildConfigurations = (
				585AC3A72F42596B0096DD2D /* Debug */,
				585AC3A82F42596B0096DD2D /* Release */,
			);
			defaultConfigurationIsVisible = 0;
			defaultConfigurationName = Release;
		};
		585AC3A92F42596B0096DD2D /* Build configuration list for PBXNativeTarget "storethisTests" */ = {
			isa = XCConfigurationList;
			buildConfigurations = (
				585AC3AA2F42596B0096DD2D /* Debug */,
				585AC3AB2F42596B0096DD2D /* Release */,
			);
			defaultConfigurationIsVisible = 0;
			defaultConfigurationName = Release;
		};
		585AC3AC2F42596B0096DD2D /* Build configuration list for PBXNativeTarget "storethisUITests" */ = {
			isa = XCConfigurationList;
			buildConfigurations = (
				585AC3AD2F42596B0096DD2D /* Debug */,
				585AC3AE2F42596B0096DD2D /* Release */,
			);
			defaultConfigurationIsVisible = 0;
			defaultConfigurationName = Release;
		};
/* End XCConfigurationList section */
	};
	rootObject = 585AC37B2F42596A0096DD2D /* Project object */;
}
